
Microsoft Visual Studio Solution File, Format Version 12.00
# Visual Studio Version 17
VisualStudioVersion = 17.7.34202.233
MinimumVisualStudioVersion = 10.0.40219.1
Project("{9A19103F-16F7-4668-BE54-9A1E7A4F7556}") = "Entity", "Entity\Entity.csproj", "{80789C64-2A37-4A12-A5CB-6F5FA7C4918A}"
EndProject
Project("{9A19103F-16F7-4668-BE54-9A1E7A4F7556}") = "DataAccess", "DataAccessCreate\DataAccess.csproj", "{70767B20-B4E0-48C0-A3B0-0E4F3E7FB673}"
EndProject
Project("{9A19103F-16F7-4668-BE54-9A1E7A4F7556}") = "ConsoleUI", "ConsoleUI\ConsoleUI.csproj", "{E9296BE5-C57A-4616-9538-F89C452CDEF2}"
EndProject
Project("{9A19103F-16F7-4668-BE54-9A1E7A4F7556}") = "Business", "Business\Business.csproj", "{D9F460C7-8351-4189-88AA-E9AE9A33A946}"
EndProject
Project("{9A19103F-16F7-4668-BE54-9A1E7A4F7556}") = "Core", "Core\Core.csproj", "{C6E94B0C-EF31-4CC0-9573-6CF4AC73327F}"
EndProject
Project("{FAE04EC0-301F-11D3-BF4B-00C04F79EFBC}") = "WebAPI", "WebAPI\WebAPI.csproj", "{8158E733-C96C-4D41-A122-6F8110860D3A}"
EndProject
Global
	GlobalSection(SolutionConfigurationPlatforms) = preSolution
		Debug|Any CPU = Debug|Any CPU
		Release|Any CPU = Release|Any CPU
	EndGlobalSection
	GlobalSection(ProjectConfigurationPlatforms) = postSolution
		{80789C64-2A37-4A12-A5CB-6F5FA7C4918A}.Debug|Any CPU.ActiveCfg = Debug|Any CPU
		{80789C64-2A37-4A12-A5CB-6F5FA7C4918A}.Debug|Any CPU.Build.0 = Debug|Any CPU
		{80789C64-2A37-4A12-A5CB-6F5FA7C4918A}.Release|Any CPU.ActiveCfg = Release|Any CPU
		{80789C64-2A37-4A12-A5CB-6F5FA7C4918A}.Release|Any CPU.Build.0 = Release|Any CPU
		{70767B20-B4E0-48C0-A3B0-0E4F3E7FB673}.Debug|Any CPU.ActiveCfg = Debug|Any CPU
		{70767B20-B4E0-48C0-A3B0-0E4F3E7FB673}.Debug|Any CPU.Build.0 = Debug|Any CPU
		{70767B20-B4E0-48C0-A3B0-0E4F3E7FB673}.Release|Any CPU.ActiveCfg = Release|Any CPU
		{70767B20-B4E0-48C0-A3B0-0E4F3E7FB673}.Release|Any CPU.Build.0 = Release|Any CPU
		{E9296BE5-C57A-4616-9538-F89C452CDEF2}.Debug|Any CPU.ActiveCfg = Debug|Any CPU
		{E9296BE5-C57A-4616-9538-F89C452CDEF2}.Debug|Any CPU.Build.0 = Debug|Any CPU
		{E9296BE5-C57A-4616-9538-F89C452CDEF2}.Release|Any CPU.ActiveCfg = Release|Any CPU
		{E9296BE5-C57A-4616-9538-F89C452CDEF2}.Release|Any CPU.Build.0 = Release|Any CPU
		{D9F460C7-8351-4189-88AA-E9AE9A33A946}.Debug|Any CPU.ActiveCfg = Debug|Any CPU
		{D9F460C7-8351-4189-88AA-E9AE9A33A946}.Debug|Any CPU.Build.0 = Debug|Any CPU
		{D9F460C7-8351-4189-88AA-E9AE9A33A946}.Release|Any CPU.ActiveCfg = Release|Any CPU
		{D9F460C7-8351-4189-88AA-E9AE9A33A946}.Release|Any CPU.Build.0 = Release|Any CPU
		{C6E94B0C-EF31-4CC0-9573-6CF4AC73327F}.Debug|Any CPU.ActiveCfg = Debug|Any CPU
		{C6E94B0C-EF31-4CC0-9573-6CF4AC73327F}.Debug|Any CPU.Build.0 = Debug|Any CPU
		{C6E94B0C-EF31-4CC0-9573-6CF4AC73327F}.Release|Any CPU.ActiveCfg = Release|Any CPU
		{C6E94B0C-EF31-4CC0-9573-6CF4AC73327F}.Release|Any CPU.Build.0 = Release|Any CPU
		{8158E733-C96C-4D41-A122-6F8110860D3A}.Debug|Any CPU.ActiveCfg = Debug|Any CPU
		{8158E733-C96C-4D41-A122-6F8110860D3A}.Debug|Any CPU.Build.0 = Debug|Any CPU
		{8158E733-C96C-4D41-A122-6F8110860D3A}.Release|Any CPU.ActiveCfg = Release|Any CPU
		{8158E733-C96C-4D41-A122-6F8110860D3A}.Release|Any CPU.Build.0 = Release|Any CPU
	EndGlobalSection
	GlobalSection(SolutionProperties) = preSolution
		HideSolutionNode = FALSE
	EndGlobalSection
	GlobalSection(ExtensibilityGlobals) = postSolution
		SolutionGuid = {B93423C6-AB31-4ABD-85AF-8F15CB7CDE0A}
	EndGlobalSection
EndGlobal
